
Microsoft Visual Studio Solution File, Format Version 10.00
# Visual Studio 2008
Project("{FAE04EC0-301F-11D3-BF4B-00C04F79EFBC}") = "ClientSideMess", "ClientSideMess\ClientSideMess.csproj", "{896B6084-0019-4ABD-87F4-27AF16FCD471}"
EndProject
Project("{FAE04EC0-301F-11D3-BF4B-00C04F79EFBC}") = "MinificationAndBundling", "MinificationAndBundling\MinificationAndBundling.csproj", "{77A4F0B8-3D28-4814-8BDD-227F4360CC1A}"
EndProject
Project("{FAE04EC0-301F-11D3-BF4B-00C04F79EFBC}") = "jMVP", "jMVP\jMVP.csproj", "{737609BE-4BC5-49BC-95BA-BB54C8BD9DE9}"
EndProject
Global
	GlobalSection(SolutionConfigurationPlatforms) = preSolution
		Debug|Any CPU = Debug|Any CPU
		Release|Any CPU = Release|Any CPU
	EndGlobalSection
	GlobalSection(ProjectConfigurationPlatforms) = postSolution
		{896B6084-0019-4ABD-87F4-27AF16FCD471}.Debug|Any CPU.ActiveCfg = Debug|Any CPU
		{896B6084-0019-4ABD-87F4-27AF16FCD471}.Debug|Any CPU.Build.0 = Debug|Any CPU
		{896B6084-0019-4ABD-87F4-27AF16FCD471}.Release|Any CPU.ActiveCfg = Release|Any CPU
		{896B6084-0019-4ABD-87F4-27AF16FCD471}.Release|Any CPU.Build.0 = Release|Any CPU
		{77A4F0B8-3D28-4814-8BDD-227F4360CC1A}.Debug|Any CPU.ActiveCfg = Debug|Any CPU
		{77A4F0B8-3D28-4814-8BDD-227F4360CC1A}.Debug|Any CPU.Build.0 = Debug|Any CPU
		{77A4F0B8-3D28-4814-8BDD-227F4360CC1A}.Release|Any CPU.ActiveCfg = Release|Any CPU
		{77A4F0B8-3D28-4814-8BDD-227F4360CC1A}.Release|Any CPU.Build.0 = Release|Any CPU
		{737609BE-4BC5-49BC-95BA-BB54C8BD9DE9}.Debug|Any CPU.ActiveCfg = Debug|Any CPU
		{737609BE-4BC5-49BC-95BA-BB54C8BD9DE9}.Debug|Any CPU.Build.0 = Debug|Any CPU
		{737609BE-4BC5-49BC-95BA-BB54C8BD9DE9}.Release|Any CPU.ActiveCfg = Release|Any CPU
		{737609BE-4BC5-49BC-95BA-BB54C8BD9DE9}.Release|Any CPU.Build.0 = Release|Any CPU
	EndGlobalSection
	GlobalSection(SolutionProperties) = preSolution
		HideSolutionNode = FALSE
	EndGlobalSection
EndGlobal
